
Microsoft Visual Studio Solution File, Format Version 12.00
# Visual Studio 2013
VisualStudioVersion = 12.0.40629.0
MinimumVisualStudioVersion = 10.0.40219.1
Project("{FAE04EC0-301F-11D3-BF4B-00C04F79EFBC}") = "FlatLogin", "FlatLogin\FlatLogin.csproj", "{0CEC329C-D439-4202-B8F1-6F010A5962EB}"
EndProject
Global
	GlobalSection(SolutionConfigurationPlatforms) = preSolution
		Debug|Any CPU = Debug|Any CPU
		Release|Any CPU = Release|Any CPU
	EndGlobalSection
	GlobalSection(ProjectConfigurationPlatforms) = postSolution
		{0CEC329C-D439-4202-B8F1-6F010A5962EB}.Debug|Any CPU.ActiveCfg = Debug|Any CPU
		{0CEC329C-D439-4202-B8F1-6F010A5962EB}.Debug|Any CPU.Build.0 = Debug|Any CPU
		{0CEC329C-D439-4202-B8F1-6F010A5962EB}.Release|Any CPU.ActiveCfg = Release|Any CPU
		{0CEC329C-D439-4202-B8F1-6F010A5962EB}.Release|Any CPU.Build.0 = Release|Any CPU
	EndGlobalSection
	GlobalSection(SolutionProperties) = preSolution
		HideSolutionNode = FALSE
	EndGlobalSection
EndGlobal
