
Microsoft Visual Studio Solution File, Format Version 12.00
# Visual Studio 2013
VisualStudioVersion = 12.0.40629.0
MinimumVisualStudioVersion = 10.0.40219.1
Project("{FAE04EC0-301F-11D3-BF4B-00C04F79EFBC}") = "Modern-Flat-UI-Kit", "Modern-Flat-UI-Kit\Modern-Flat-UI-Kit.csproj", "{3EB2C045-09C0-4A26-8A50-CE2D5CC757E3}"
EndProject
Global
	GlobalSection(SolutionConfigurationPlatforms) = preSolution
		Debug|Any CPU = Debug|Any CPU
		Release|Any CPU = Release|Any CPU
	EndGlobalSection
	GlobalSection(ProjectConfigurationPlatforms) = postSolution
		{3EB2C045-09C0-4A26-8A50-CE2D5CC757E3}.Debug|Any CPU.ActiveCfg = Debug|Any CPU
		{3EB2C045-09C0-4A26-8A50-CE2D5CC757E3}.Debug|Any CPU.Build.0 = Debug|Any CPU
		{3EB2C045-09C0-4A26-8A50-CE2D5CC757E3}.Release|Any CPU.ActiveCfg = Release|Any CPU
		{3EB2C045-09C0-4A26-8A50-CE2D5CC757E3}.Release|Any CPU.Build.0 = Release|Any CPU
	EndGlobalSection
	GlobalSection(SolutionProperties) = preSolution
		HideSolutionNode = FALSE
	EndGlobalSection
EndGlobal
